// !$*UTF8*$!
{
	archiveVersion = 1;
	classes = {
	};
	objectVersion = 55;
	objects = {

/* Begin PBXBuildFile section */
		1641BA5A275E0BF500D5D29F /* AppDelegate.swift in Sources */ = {isa = PBXBuildFile; fileRef = 1641BA59275E0BF400D5D29F /* AppDelegate.swift */; };
		1641BA5C275E0BF500D5D29F /* SceneDelegate.swift in Sources */ = {isa = PBXBuildFile; fileRef = 1641BA5B275E0BF500D5D29F /* SceneDelegate.swift */; };
		1641BA5E275E0BF500D5D29F /* ViewController.swift in Sources */ = {isa = PBXBuildFile; fileRef = 1641BA5D275E0BF500D5D29F /* ViewController.swift */; };
		1641BA61275E0BF500D5D29F /* Main.storyboard in Resources */ = {isa = PBXBuildFile; fileRef = 1641BA5F275E0BF500D5D29F /* Main.storyboard */; };
		1641BA63275E0BF700D5D29F /* Assets.xcassets in Resources */ = {isa = PBXBuildFile; fileRef = 1641BA62275E0BF700D5D29F /* Assets.xcassets */; };
		1641BA66275E0BF700D5D29F /* LaunchScreen.storyboard in Resources */ = {isa = PBXBuildFile; fileRef = 1641BA64275E0BF700D5D29F /* LaunchScreen.storyboard */; };
		1641BA6E275E0CDC00D5D29F /* AddIncomeForm.json in Resources */ = {isa = PBXBuildFile; fileRef = 1641BA6D275E0CDC00D5D29F /* AddIncomeForm.json */; };
		1641BA70275E0D5D00D5D29F /* Form.swift in Sources */ = {isa = PBXBuildFile; fileRef = 1641BA6F275E0D5D00D5D29F /* Form.swift */; };
		1641BA72275E235B00D5D29F /* DynamicFormViewController.swift in Sources */ = {isa = PBXBuildFile; fileRef = 1641BA71275E235B00D5D29F /* DynamicFormViewController.swift */; };
		1641BA74275E27C300D5D29F /* DynamicFormCell.swift in Sources */ = {isa = PBXBuildFile; fileRef = 1641BA73275E27C300D5D29F /* DynamicFormCell.swift */; };
		1641BA76275E38CD00D5D29F /* DynamicTextField.swift in Sources */ = {isa = PBXBuildFile; fileRef = 1641BA75275E38CD00D5D29F /* DynamicTextField.swift */; };
		ECC88EDCE9E20C9E0818052E /* Pods_DynamiFormSample.framework in Frameworks */ = {isa = PBXBuildFile; fileRef = 1886B606628AA024A5F4B875 /* Pods_DynamiFormSample.framework */; };
/* End PBXBuildFile section */

/* Begin PBXFileReference section */
		1641BA56275E0BF400D5D29F /* DynamiFormSample.app */ = {isa = PBXFileReference; explicitFileType = wrapper.application; includeInIndex = 0; path = DynamiFormSample.app; sourceTree = BUILT_PRODUCTS_DIR; };
		1641BA59275E0BF400D5D29F /* AppDelegate.swift */ = {isa = PBXFileReference; lastKnownFileType = sourcecode.swift; path = AppDelegate.swift; sourceTree = "<group>"; };
		1641BA5B275E0BF500D5D29F /* SceneDelegate.swift */ = {isa = PBXFileReference; lastKnownFileType = sourcecode.swift; path = SceneDelegate.swift; sourceTree = "<group>"; };
		1641BA5D275E0BF500D5D29F /* ViewController.swift */ = {isa = PBXFileReference; lastKnownFileType = sourcecode.swift; path = ViewController.swift; sourceTree = "<group>"; };
		1641BA60275E0BF500D5D29F /* Base */ = {isa = PBXFileReference; lastKnownFileType = file.storyboard; name = Base; path = Base.lproj/Main.storyboard; sourceTree = "<group>"; };
		1641BA62275E0BF700D5D29F /* Assets.xcassets */ = {isa = PBXFileReference; lastKnownFileType = folder.assetcatalog; path = Assets.xcassets; sourceTree = "<group>"; };
		1641BA65275E0BF700D5D29F /* Base */ = {isa = PBXFileReference; lastKnownFileType = file.storyboard; name = Base; path = Base.lproj/LaunchScreen.storyboard; sourceTree = "<group>"; };
		1641BA67275E0BF700D5D29F /* Info.plist */ = {isa = PBXFileReference; lastKnownFileType = text.plist.xml; path = Info.plist; sourceTree = "<group>"; };
		1641BA6D275E0CDC00D5D29F /* AddIncomeForm.json */ = {isa = PBXFileReference; fileEncoding = 4; lastKnownFileType = text.json; path = AddIncomeForm.json; sourceTree = "<group>"; };
		1641BA6F275E0D5D00D5D29F /* Form.swift */ = {isa = PBXFileReference; lastKnownFileType = sourcecode.swift; path = Form.swift; sourceTree = "<group>"; };
		1641BA71275E235B00D5D29F /* DynamicFormViewController.swift */ = {isa = PBXFileReference; lastKnownFileType = sourcecode.swift; path = DynamicFormViewController.swift; sourceTree = "<group>"; };
		1641BA73275E27C300D5D29F /* DynamicFormCell.swift */ = {isa = PBXFileReference; lastKnownFileType = sourcecode.swift; path = DynamicFormCell.swift; sourceTree = "<group>"; };
		1641BA75275E38CD00D5D29F /* DynamicTextField.swift */ = {isa = PBXFileReference; lastKnownFileType = sourcecode.swift; path = DynamicTextField.swift; sourceTree = "<group>"; };
		1886B606628AA024A5F4B875 /* Pods_DynamiFormSample.framework */ = {isa = PBXFileReference; explicitFileType = wrapper.framework; includeInIndex = 0; path = Pods_DynamiFormSample.framework; sourceTree = BUILT_PRODUCTS_DIR; };
		4A49BC50F51F1B8730D07F64 /* Pods-DynamiFormSample.release.xcconfig */ = {isa = PBXFileReference; includeInIndex = 1; lastKnownFileType = text.xcconfig; name = "Pods-DynamiFormSample.release.xcconfig"; path = "Target Support Files/Pods-DynamiFormSample/Pods-DynamiFormSample.release.xcconfig"; sourceTree = "<group>"; };
		BE2F161761720E033AE54E1B /* Pods-DynamiFormSample.debug.xcconfig */ = {isa = PBXFileReference; includeInIndex = 1; lastKnownFileType = text.xcconfig; name = "Pods-DynamiFormSample.debug.xcconfig"; path = "Target Support Files/Pods-DynamiFormSample/Pods-DynamiFormSample.debug.xcconfig"; sourceTree = "<group>"; };
/* End PBXFileReference section */

/* Begin PBXFrameworksBuildPhase section */
		1641BA53275E0BF400D5D29F /* Frameworks */ = {
			isa = PBXFrameworksBuildPhase;
			buildActionMask = 2147483647;
			files = (
				ECC88EDCE9E20C9E0818052E /* Pods_DynamiFormSample.framework in Frameworks */,
			);
			runOnlyForDeploymentPostprocessing = 0;
		};
/* End PBXFrameworksBuildPhase section */

/* Begin PBXGroup section */
		1641BA4D275E0BF400D5D29F = {
			isa = PBXGroup;
			children = (
				1641BA58275E0BF400D5D29F /* DynamiFormSample */,
				1641BA57275E0BF400D5D29F /* Products */,
				17F6C8D9A5860DC471731061 /* Pods */,
				A4B7A126ABCB49E58272ED72 /* Frameworks */,
			);
			sourceTree = "<group>";
		};
		1641BA57275E0BF400D5D29F /* Products */ = {
			isa = PBXGroup;
			children = (
				1641BA56275E0BF400D5D29F /* DynamiFormSample.app */,
			);
			name = Products;
			sourceTree = "<group>";
		};
		1641BA58275E0BF400D5D29F /* DynamiFormSample */ = {
			isa = PBXGroup;
			children = (
				1641BA59275E0BF400D5D29F /* AppDelegate.swift */,
				1641BA5B275E0BF500D5D29F /* SceneDelegate.swift */,
				1641BA5D275E0BF500D5D29F /* ViewController.swift */,
				1641BA71275E235B00D5D29F /* DynamicFormViewController.swift */,
				1641BA73275E27C300D5D29F /* DynamicFormCell.swift */,
				1641BA75275E38CD00D5D29F /* DynamicTextField.swift */,
				1641BA6F275E0D5D00D5D29F /* Form.swift */,
				1641BA5F275E0BF500D5D29F /* Main.storyboard */,
				1641BA62275E0BF700D5D29F /* Assets.xcassets */,
				1641BA64275E0BF700D5D29F /* LaunchScreen.storyboard */,
				1641BA6D275E0CDC00D5D29F /* AddIncomeForm.json */,
				1641BA67275E0BF700D5D29F /* Info.plist */,
			);
			path = DynamiFormSample;
			sourceTree = "<group>";
		};
		17F6C8D9A5860DC471731061 /* Pods */ = {
			isa = PBXGroup;
			children = (
				BE2F161761720E033AE54E1B /* Pods-DynamiFormSample.debug.xcconfig */,
				4A49BC50F51F1B8730D07F64 /* Pods-DynamiFormSample.release.xcconfig */,
			);
			path = Pods;
			sourceTree = "<group>";
		};
		A4B7A126ABCB49E58272ED72 /* Frameworks */ = {
			isa = PBXGroup;
			children = (
				1886B606628AA024A5F4B875 /* Pods_DynamiFormSample.framework */,
			);
			name = Frameworks;
			sourceTree = "<group>";
		};
/* End PBXGroup section */

/* Begin PBXNativeTarget section */
		1641BA55275E0BF400D5D29F /* DynamiFormSample */ = {
			isa = PBXNativeTarget;
			buildConfigurationList = 1641BA6A275E0BF700D5D29F /* Build configuration list for PBXNativeTarget "DynamiFormSample" */;
			buildPhases = (
				1F257EFC10640A00475D0DE4 /* [CP] Check Pods Manifest.lock */,
				1641BA52275E0BF400D5D29F /* Sources */,
				1641BA53275E0BF400D5D29F /* Frameworks */,
				1641BA54275E0BF400D5D29F /* Resources */,
				E6AD9990919C8D33128761AD /* [CP] Embed Pods Frameworks */,
			);
			buildRules = (
			);
			dependencies = (
			);
			name = DynamiFormSample;
			productName = DynamiFormSample;
			productReference = 1641BA56275E0BF400D5D29F /* DynamiFormSample.app */;
			productType = "com.apple.product-type.application";
		};
/* End PBXNativeTarget section */

/* Begin PBXProject section */
		1641BA4E275E0BF400D5D29F /* Project object */ = {
			isa = PBXProject;
			attributes = {
				BuildIndependentTargetsInParallel = 1;
				LastSwiftUpdateCheck = 1300;
				LastUpgradeCheck = 1300;
				TargetAttributes = {
					1641BA55275E0BF400D5D29F = {
						CreatedOnToolsVersion = 13.0;
					};
				};
			};
			buildConfigurationList = 1641BA51275E0BF400D5D29F /* Build configuration list for PBXProject "DynamiFormSample" */;
			compatibilityVersion = "Xcode 13.0";
			developmentRegion = en;
			hasScannedForEncodings = 0;
			knownRegions = (
				en,
				Base,
			);
			mainGroup = 1641BA4D275E0BF400D5D29F;
			productRefGroup = 1641BA57275E0BF400D5D29F /* Products */;
			projectDirPath = "";
			projectRoot = "";
			targets = (
				1641BA55275E0BF400D5D29F /* DynamiFormSample */,
			);
		};
/* End PBXProject section */

/* Begin PBXResourcesBuildPhase section */
		1641BA54275E0BF400D5D29F /* Resources */ = {
			isa = PBXResourcesBuildPhase;
			buildActionMask = 2147483647;
			files = (
				1641BA66275E0BF700D5D29F /* LaunchScreen.storyboard in Resources */,
				1641BA63275E0BF700D5D29F /* Assets.xcassets in Resources */,
				1641BA6E275E0CDC00D5D29F /* AddIncomeForm.json in Resources */,
				1641BA61275E0BF500D5D29F /* Main.storyboard in Resources */,
			);
			runOnlyForDeploymentPostprocessing = 0;
		};
/* End PBXResourcesBuildPhase section */

/* Begin PBXShellScriptBuildPhase section */
		1F257EFC10640A00475D0DE4 /* [CP] Check Pods Manifest.lock */ = {
			isa = PBXShellScriptBuildPhase;
			buildActionMask = 2147483647;
			files = (
			);
			inputFileListPaths = (
			);
			inputPaths = (
				"${PODS_PODFILE_DIR_PATH}/Podfile.lock",
				"${PODS_ROOT}/Manifest.lock",
			);
			name = "[CP] Check Pods Manifest.lock";
			outputFileListPaths = (
			);
			outputPaths = (
				"$(DERIVED_FILE_DIR)/Pods-DynamiFormSample-checkManifestLockResult.txt",
			);
			runOnlyForDeploymentPostprocessing = 0;
			shellPath = /bin/sh;
			shellScript = "diff \"${PODS_PODFILE_DIR_PATH}/Podfile.lock\" \"${PODS_ROOT}/Manifest.lock\" > /dev/null\nif [ $? != 0 ] ; then\n    # print error to STDERR\n    echo \"error: The sandbox is not in sync with the Podfile.lock. Run 'pod install' or update your CocoaPods installation.\" >&2\n    exit 1\nfi\n# This output is used by Xcode 'outputs' to avoid re-running this script phase.\necho \"SUCCESS\" > \"${SCRIPT_OUTPUT_FILE_0}\"\n";
			showEnvVarsInLog = 0;
		};
		E6AD9990919C8D33128761AD /* [CP] Embed Pods Frameworks */ = {
			isa = PBXShellScriptBuildPhase;
			buildActionMask = 2147483647;
			files = (
			);
			inputFileListPaths = (
				"${PODS_ROOT}/Target Support Files/Pods-DynamiFormSample/Pods-DynamiFormSample-frameworks-${CONFIGURATION}-input-files.xcfilelist",
			);
			name = "[CP] Embed Pods Frameworks";
			outputFileListPaths = (
				"${PODS_ROOT}/Target Support Files/Pods-DynamiFormSample/Pods-DynamiFormSample-frameworks-${CONFIGURATION}-output-files.xcfilelist",
			);
			runOnlyForDeploymentPostprocessing = 0;
			shellPath = /bin/sh;
			shellScript = "\"${PODS_ROOT}/Target Support Files/Pods-DynamiFormSample/Pods-DynamiFormSample-frameworks.sh\"\n";
			showEnvVarsInLog = 0;
		};
/* End PBXShellScriptBuildPhase section */

/* Begin PBXSourcesBuildPhase section */
		1641BA52275E0BF400D5D29F /* Sources */ = {
			isa = PBXSourcesBuildPhase;
			buildActionMask = 2147483647;
			files = (
				1641BA5E275E0BF500D5D29F /* ViewController.swift in Sources */,
				1641BA70275E0D5D00D5D29F /* Form.swift in Sources */,
				1641BA5A275E0BF500D5D29F /* AppDelegate.swift in Sources */,
				1641BA5C275E0BF500D5D29F /* SceneDelegate.swift in Sources */,
				1641BA76275E38CD00D5D29F /* DynamicTextField.swift in Sources */,
				1641BA72275E235B00D5D29F /* DynamicFormViewController.swift in Sources */,
				1641BA74275E27C300D5D29F /* DynamicFormCell.swift in Sources */,
			);
			runOnlyForDeploymentPostprocessing = 0;
		};
/* End PBXSourcesBuildPhase section */

/* Begin PBXVariantGroup section */
		1641BA5F275E0BF500D5D29F /* Main.storyboard */ = {
			isa = PBXVariantGroup;
			children = (
				1641BA60275E0BF500D5D29F /* Base */,
			);
			name = Main.storyboard;
			sourceTree = "<group>";
		};
		1641BA64275E0BF700D5D29F /* LaunchScreen.storyboard */ = {
			isa = PBXVariantGroup;
			children = (
				1641BA65275E0BF700D5D29F /* Base */,
			);
			name = LaunchScreen.storyboard;
			sourceTree = "<group>";
		};
/* End PBXVariantGroup section */

/* Begin XCBuildConfiguration section */
		1641BA68275E0BF700D5D29F /* Debug */ = {
			isa = XCBuildConfiguration;
			buildSettings = {
				ALWAYS_SEARCH_USER_PATHS = NO;
				CLANG_ANALYZER_NONNULL = YES;
				CLANG_ANALYZER_NUMBER_OBJECT_CONVERSION = YES_AGGRESSIVE;
				CLANG_CXX_LANGUAGE_STANDARD = "gnu++17";
				CLANG_CXX_LIBRARY = "libc++";
				CLANG_ENABLE_MODULES = YES;
				CLANG_ENABLE_OBJC_ARC = YES;
				CLANG_ENABLE_OBJC_WEAK = YES;
				CLANG_WARN_BLOCK_CAPTURE_AUTORELEASING = YES;
				CLANG_WARN_BOOL_CONVERSION = YES;
				CLANG_WARN_COMMA = YES;
				CLANG_WARN_CONSTANT_CONVERSION = YES;
				CLANG_WARN_DEPRECATED_OBJC_IMPLEMENTATIONS = YES;
				CLANG_WARN_DIRECT_OBJC_ISA_USAGE = YES_ERROR;
				CLANG_WARN_DOCUMENTATION_COMMENTS = YES;
				CLANG_WARN_EMPTY_BODY = YES;
				CLANG_WARN_ENUM_CONVERSION = YES;
				CLANG_WARN_INFINITE_RECURSION = YES;
				CLANG_WARN_INT_CONVERSION = YES;
				CLANG_WARN_NON_LITERAL_NULL_CONVERSION = YES;
				CLANG_WARN_OBJC_IMPLICIT_RETAIN_SELF = YES;
				CLANG_WARN_OBJC_LITERAL_CONVERSION = YES;
				CLANG_WARN_OBJC_ROOT_CLASS = YES_ERROR;
				CLANG_WARN_QUOTED_INCLUDE_IN_FRAMEWORK_HEADER = YES;
				CLANG_WARN_RANGE_LOOP_ANALYSIS = YES;
				CLANG_WARN_STRICT_PROTOTYPES = YES;
				CLANG_WARN_SUSPICIOUS_MOVE = YES;
				CLANG_WARN_UNGUARDED_AVAILABILITY = YES_AGGRESSIVE;
				CLANG_WARN_UNREACHABLE_CODE = YES;
				CLANG_WARN__DUPLICATE_METHOD_MATCH = YES;
				COPY_PHASE_STRIP = NO;
				DEBUG_INFORMATION_FORMAT = dwarf;
				ENABLE_STRICT_OBJC_MSGSEND = YES;
				ENABLE_TESTABILITY = YES;
				GCC_C_LANGUAGE_STANDARD = gnu11;
				GCC_DYNAMIC_NO_PIC = NO;
				GCC_NO_COMMON_BLOCKS = YES;
				GCC_OPTIMIZATION_LEVEL = 0;
				GCC_PREPROCESSOR_DEFINITIONS = (
					"DEBUG=1",
					"$(inherited)",
				);
				GCC_WARN_64_TO_32_BIT_CONVERSION = YES;
				GCC_WARN_ABOUT_RETURN_TYPE = YES_ERROR;
				GCC_WARN_UNDECLARED_SELECTOR = YES;
				GCC_WARN_UNINITIALIZED_AUTOS = YES_AGGRESSIVE;
				GCC_WARN_UNUSED_FUNCTION = YES;
				GCC_WARN_UNUSED_VARIABLE = YES;
				IPHONEOS_DEPLOYMENT_TARGET = 15.0;
				MTL_ENABLE_DEBUG_INFO = INCLUDE_SOURCE;
				MTL_FAST_MATH = YES;
				ONLY_ACTIVE_ARCH = YES;
				SDKROOT = iphoneos;
				SWIFT_ACTIVE_COMPILATION_CONDITIONS = DEBUG;
				SWIFT_OPTIMIZATION_LEVEL = "-Onone";
			};
			name = Debug;
		};
		1641BA69275E0BF700D5D29F /* Release */ = {
			isa = XCBuildConfiguration;
			buildSettings = {
				ALWAYS_SEARCH_USER_PATHS = NO;
				CLANG_ANALYZER_NONNULL = YES;
				CLANG_ANALYZER_NUMBER_OBJECT_CONVERSION = YES_AGGRESSIVE;
				CLANG_CXX_LANGUAGE_STANDARD = "gnu++17";
				CLANG_CXX_LIBRARY = "libc++";
				CLANG_ENABLE_MODULES = YES;
				CLANG_ENABLE_OBJC_ARC = YES;
				CLANG_ENABLE_OBJC_WEAK = YES;
				CLANG_WARN_BLOCK_CAPTURE_AUTORELEASING = YES;
				CLANG_WARN_BOOL_CONVERSION = YES;
				CLANG_WARN_COMMA = YES;
				CLANG_WARN_CONSTANT_CONVERSION = YES;
				CLANG_WARN_DEPRECATED_OBJC_IMPLEMENTATIONS = YES;
				CLANG_WARN_DIRECT_OBJC_ISA_USAGE = YES_ERROR;
				CLANG_WARN_DOCUMENTATION_COMMENTS = YES;
				CLANG_WARN_EMPTY_BODY = YES;
				CLANG_WARN_ENUM_CONVERSION = YES;
				CLANG_WARN_INFINITE_RECURSION = YES;
				CLANG_WARN_INT_CONVERSION = YES;
				CLANG_WARN_NON_LITERAL_NULL_CONVERSION = YES;
				CLANG_WARN_OBJC_IMPLICIT_RETAIN_SELF = YES;
				CLANG_WARN_OBJC_LITERAL_CONVERSION = YES;
				CLANG_WARN_OBJC_ROOT_CLASS = YES_ERROR;
				CLANG_WARN_QUOTED_INCLUDE_IN_FRAMEWORK_HEADER = YES;
				CLANG_WARN_RANGE_LOOP_ANALYSIS = YES;
				CLANG_WARN_STRICT_PROTOTYPES = YES;
				CLANG_WARN_SUSPICIOUS_MOVE = YES;
				CLANG_WARN_UNGUARDED_AVAILABILITY = YES_AGGRESSIVE;
				CLANG_WARN_UNREACHABLE_CODE = YES;
				CLANG_WARN__DUPLICATE_METHOD_MATCH = YES;
				COPY_PHASE_STRIP = NO;
				DEBUG_INFORMATION_FORMAT = "dwarf-with-dsym";
				ENABLE_NS_ASSERTIONS = NO;
				ENABLE_STRICT_OBJC_MSGSEND = YES;
				GCC_C_LANGUAGE_STANDARD = gnu11;
				GCC_NO_COMMON_BLOCKS = YES;
				GCC_WARN_64_TO_32_BIT_CONVERSION = YES;
				GCC_WARN_ABOUT_RETURN_TYPE = YES_ERROR;
				GCC_WARN_UNDECLARED_SELECTOR = YES;
				GCC_WARN_UNINITIALIZED_AUTOS = YES_AGGRESSIVE;
				GCC_WARN_UNUSED_FUNCTION = YES;
				GCC_WARN_UNUSED_VARIABLE = YES;
				IPHONEOS_DEPLOYMENT_TARGET = 15.0;
				MTL_ENABLE_DEBUG_INFO = NO;
				MTL_FAST_MATH = YES;
				SDKROOT = iphoneos;
				SWIFT_COMPILATION_MODE = wholemodule;
				SWIFT_OPTIMIZATION_LEVEL = "-O";
				VALIDATE_PRODUCT = YES;
			};
			name = Release;
		};
		1641BA6B275E0BF700D5D29F /* Debug */ = {
			isa = XCBuildConfiguration;
			baseConfigurationReference = BE2F161761720E033AE54E1B /* Pods-DynamiFormSample.debug.xcconfig */;
			buildSettings = {
				ASSETCATALOG_COMPILER_APPICON_NAME = AppIcon;
				ASSETCATALOG_COMPILER_GLOBAL_ACCENT_COLOR_NAME = AccentColor;
				CODE_SIGN_STYLE = Automatic;
				CURRENT_PROJECT_VERSION = 1;
				GENERATE_INFOPLIST_FILE = YES;
				INFOPLIST_FILE = DynamiFormSample/Info.plist;
				INFOPLIST_KEY_UIApplicationSupportsIndirectInputEvents = YES;
				INFOPLIST_KEY_UILaunchStoryboardName = LaunchScreen;
				INFOPLIST_KEY_UIMainStoryboardFile = Main;
				INFOPLIST_KEY_UISupportedInterfaceOrientations_iPad = "UIInterfaceOrientationPortrait UIInterfaceOrientationPortraitUpsideDown UIInterfaceOrientationLandscapeLeft UIInterfaceOrientationLandscapeRight";
				INFOPLIST_KEY_UISupportedInterfaceOrientations_iPhone = "UIInterfaceOrientationPortrait UIInterfaceOrientationLandscapeLeft UIInterfaceOrientationLandscapeRight";
				LD_RUNPATH_SEARCH_PATHS = (
					"$(inherited)",
					"@executable_path/Frameworks",
				);
				MARKETING_VERSION = 1.0;
				PRODUCT_BUNDLE_IDENTIFIER = sample.apps.DynamiFormSample;
				PRODUCT_NAME = "$(TARGET_NAME)";
				SWIFT_EMIT_LOC_STRINGS = YES;
				SWIFT_VERSION = 5.0;
				TARGETED_DEVICE_FAMILY = "1,2";
			};
			name = Debug;
		};
		1641BA6C275E0BF700D5D29F /* Release */ = {
			isa = XCBuildConfiguration;
			baseConfigurationReference = 4A49BC50F51F1B8730D07F64 /* Pods-DynamiFormSample.release.xcconfig */;
			buildSettings = {
				ASSETCATALOG_COMPILER_APPICON_NAME = AppIcon;
				ASSETCATALOG_COMPILER_GLOBAL_ACCENT_COLOR_NAME = AccentColor;
				CODE_SIGN_STYLE = Automatic;
				CURRENT_PROJECT_VERSION = 1;
				GENERATE_INFOPLIST_FILE = YES;
				INFOPLIST_FILE = DynamiFormSample/Info.plist;
				INFOPLIST_KEY_UIApplicationSupportsIndirectInputEvents = YES;
				INFOPLIST_KEY_UILaunchStoryboardName = LaunchScreen;
				INFOPLIST_KEY_UIMainStoryboardFile = Main;
				INFOPLIST_KEY_UISupportedInterfaceOrientations_iPad = "UIInterfaceOrientationPortrait UIInterfaceOrientationPortraitUpsideDown UIInterfaceOrientationLandscapeLeft UIInterfaceOrientationLandscapeRight";
				INFOPLIST_KEY_UISupportedInterfaceOrientations_iPhone = "UIInterfaceOrientationPortrait UIInterfaceOrientationLandscapeLeft UIInterfaceOrientationLandscapeRight";
				LD_RUNPATH_SEARCH_PATHS = (
					"$(inherited)",
					"@executable_path/Frameworks",
				);
				MARKETING_VERSION = 1.0;
				PRODUCT_BUNDLE_IDENTIFIER = sample.apps.DynamiFormSample;
				PRODUCT_NAME = "$(TARGET_NAME)";
				SWIFT_EMIT_LOC_STRINGS = YES;
				SWIFT_VERSION = 5.0;
				TARGETED_DEVICE_FAMILY = "1,2";
			};
			name = Release;
		};
/* End XCBuildConfiguration section */

/* Begin XCConfigurationList section */
		1641BA51275E0BF400D5D29F /* Build configuration list for PBXProject "DynamiFormSample" */ = {
			isa = XCConfigurationList;
			buildConfigurations = (
				1641BA68275E0BF700D5D29F /* Debug */,
				1641BA69275E0BF700D5D29F /* Release */,
			);
			defaultConfigurationIsVisible = 0;
			defaultConfigurationName = Release;
		};
		1641BA6A275E0BF700D5D29F /* Build configuration list for PBXNativeTarget "DynamiFormSample" */ = {
			isa = XCConfigurationList;
			buildConfigurations = (
				1641BA6B275E0BF700D5D29F /* Debug */,
				1641BA6C275E0BF700D5D29F /* Release */,
			);
			defaultConfigurationIsVisible = 0;
			defaultConfigurationName = Release;
		};
/* End XCConfigurationList section */
	};
	rootObject = 1641BA4E275E0BF400D5D29F /* Project object */;
}
